
Microsoft Visual Studio Solution File, Format Version 12.00
# Visual Studio Version 17
VisualStudioVersion = 17.0.31612.314
MinimumVisualStudioVersion = 10.0.40219.1
Project("{FAE04EC0-301F-11D3-BF4B-00C04F79EFBC}") = "WebApiOnline.ApiBots", "WebApiOnline.ApiBots.csproj", "{852E6AB9-6FA6-4148-A30B-FA1D982C7480}"
EndProject
Global
	GlobalSection(SolutionConfigurationPlatforms) = preSolution
		Debug|Any CPU = Debug|Any CPU
		Release|Any CPU = Release|Any CPU
	EndGlobalSection
	GlobalSection(ProjectConfigurationPlatforms) = postSolution
		{852E6AB9-6FA6-4148-A30B-FA1D982C7480}.Debug|Any CPU.ActiveCfg = Debug|Any CPU
		{852E6AB9-6FA6-4148-A30B-FA1D982C7480}.Debug|Any CPU.Build.0 = Debug|Any CPU
		{852E6AB9-6FA6-4148-A30B-FA1D982C7480}.Release|Any CPU.ActiveCfg = Release|Any CPU
		{852E6AB9-6FA6-4148-A30B-FA1D982C7480}.Release|Any CPU.Build.0 = Release|Any CPU
	EndGlobalSection
	GlobalSection(SolutionProperties) = preSolution
		HideSolutionNode = FALSE
	EndGlobalSection
	GlobalSection(ExtensibilityGlobals) = postSolution
		SolutionGuid = {90CEB83C-E0E0-4436-A8BD-70494334E3A7}
	EndGlobalSection
EndGlobal
